// !$*UTF8*$!
{
	archiveVersion = 1;
	classes = {
	};
	objectVersion = 46;
	objects = {

/* Begin PBXBuildFile section */
		7DBC0C49F5FF410E97C8D312 /* libPods-ReactiveNSXMLParserLibTests.a in Frameworks */ = {isa = PBXBuildFile; fileRef = 33315738847844769BEE52B0 /* libPods-ReactiveNSXMLParserLibTests.a */; };
		D71380D227CD4483B77F8928 /* libPods.a in Frameworks */ = {isa = PBXBuildFile; fileRef = D5A0B86DC1E94EBBA8DD6C9F /* libPods.a */; };
		FA7978A91886C39A00F9A865 /* Foundation.framework in Frameworks */ = {isa = PBXBuildFile; fileRef = FA7978A81886C39A00F9A865 /* Foundation.framework */; };
		FA7978B71886C39A00F9A865 /* XCTest.framework in Frameworks */ = {isa = PBXBuildFile; fileRef = FA7978B61886C39A00F9A865 /* XCTest.framework */; };
		FA7978B81886C39A00F9A865 /* Foundation.framework in Frameworks */ = {isa = PBXBuildFile; fileRef = FA7978A81886C39A00F9A865 /* Foundation.framework */; };
		FA7978BA1886C39A00F9A865 /* UIKit.framework in Frameworks */ = {isa = PBXBuildFile; fileRef = FA7978B91886C39A00F9A865 /* UIKit.framework */; };
		FA7978BD1886C39A00F9A865 /* libReactiveNSXMLParserLib.a in Frameworks */ = {isa = PBXBuildFile; fileRef = FA7978A51886C39A00F9A865 /* libReactiveNSXMLParserLib.a */; };
		FA7978C31886C39A00F9A865 /* InfoPlist.strings in Resources */ = {isa = PBXBuildFile; fileRef = FA7978C11886C39A00F9A865 /* InfoPlist.strings */; };
		FA7978C51886C39A00F9A865 /* ReactiveNSXMLParserLibTests.m in Sources */ = {isa = PBXBuildFile; fileRef = FA7978C41886C39A00F9A865 /* ReactiveNSXMLParserLibTests.m */; };
		FA7978D11886C40700F9A865 /* NSXMLParser+ReactiveCocoa.m in Sources */ = {isa = PBXBuildFile; fileRef = FA7978D01886C40700F9A865 /* NSXMLParser+ReactiveCocoa.m */; };
		FA7978D61886C41900F9A865 /* NSXMLParserRACDelegate.m in Sources */ = {isa = PBXBuildFile; fileRef = FA7978D31886C41900F9A865 /* NSXMLParserRACDelegate.m */; };
		FA7978D71886C41900F9A865 /* NSXMLParserRACElement.m in Sources */ = {isa = PBXBuildFile; fileRef = FA7978D51886C41900F9A865 /* NSXMLParserRACElement.m */; };
/* End PBXBuildFile section */

/* Begin PBXContainerItemProxy section */
		FA7978BB1886C39A00F9A865 /* PBXContainerItemProxy */ = {
			isa = PBXContainerItemProxy;
			containerPortal = FA79789D1886C39A00F9A865 /* Project object */;
			proxyType = 1;
			remoteGlobalIDString = FA7978A41886C39A00F9A865;
			remoteInfo = ReactiveNSXMLParserLib;
		};
/* End PBXContainerItemProxy section */

/* Begin PBXCopyFilesBuildPhase section */
		FA7978A31886C39A00F9A865 /* CopyFiles */ = {
			isa = PBXCopyFilesBuildPhase;
			buildActionMask = 2147483647;
			dstPath = "include/$(PRODUCT_NAME)";
			dstSubfolderSpec = 16;
			files = (
			);
			runOnlyForDeploymentPostprocessing = 0;
		};
/* End PBXCopyFilesBuildPhase section */

/* Begin PBXFileReference section */
		33315738847844769BEE52B0 /* libPods-ReactiveNSXMLParserLibTests.a */ = {isa = PBXFileReference; explicitFileType = archive.ar; includeInIndex = 0; path = "libPods-ReactiveNSXMLParserLibTests.a"; sourceTree = BUILT_PRODUCTS_DIR; };
		7F2895748F7C4A779723D332 /* Pods.xcconfig */ = {isa = PBXFileReference; includeInIndex = 1; lastKnownFileType = text.xcconfig; name = Pods.xcconfig; path = Pods/Pods.xcconfig; sourceTree = "<group>"; };
		C3D43E6A210E404AB430BD95 /* Pods-ReactiveNSXMLParserLibTests.xcconfig */ = {isa = PBXFileReference; includeInIndex = 1; lastKnownFileType = text.xcconfig; name = "Pods-ReactiveNSXMLParserLibTests.xcconfig"; path = "Pods/Pods-ReactiveNSXMLParserLibTests.xcconfig"; sourceTree = "<group>"; };
		D5A0B86DC1E94EBBA8DD6C9F /* libPods.a */ = {isa = PBXFileReference; explicitFileType = archive.ar; includeInIndex = 0; path = libPods.a; sourceTree = BUILT_PRODUCTS_DIR; };
		FA7978A51886C39A00F9A865 /* libReactiveNSXMLParserLib.a */ = {isa = PBXFileReference; explicitFileType = archive.ar; includeInIndex = 0; path = libReactiveNSXMLParserLib.a; sourceTree = BUILT_PRODUCTS_DIR; };
		FA7978A81886C39A00F9A865 /* Foundation.framework */ = {isa = PBXFileReference; lastKnownFileType = wrapper.framework; name = Foundation.framework; path = System/Library/Frameworks/Foundation.framework; sourceTree = SDKROOT; };
		FA7978AC1886C39A00F9A865 /* ReactiveNSXMLParserLib-Prefix.pch */ = {isa = PBXFileReference; lastKnownFileType = sourcecode.c.h; path = "ReactiveNSXMLParserLib-Prefix.pch"; sourceTree = "<group>"; };
		FA7978B51886C39A00F9A865 /* ReactiveNSXMLParserLibTests.xctest */ = {isa = PBXFileReference; explicitFileType = wrapper.cfbundle; includeInIndex = 0; path = ReactiveNSXMLParserLibTests.xctest; sourceTree = BUILT_PRODUCTS_DIR; };
		FA7978B61886C39A00F9A865 /* XCTest.framework */ = {isa = PBXFileReference; lastKnownFileType = wrapper.framework; name = XCTest.framework; path = Library/Frameworks/XCTest.framework; sourceTree = DEVELOPER_DIR; };
		FA7978B91886C39A00F9A865 /* UIKit.framework */ = {isa = PBXFileReference; lastKnownFileType = wrapper.framework; name = UIKit.framework; path = Library/Frameworks/UIKit.framework; sourceTree = DEVELOPER_DIR; };
		FA7978C01886C39A00F9A865 /* ReactiveNSXMLParserLibTests-Info.plist */ = {isa = PBXFileReference; lastKnownFileType = text.plist.xml; path = "ReactiveNSXMLParserLibTests-Info.plist"; sourceTree = "<group>"; };
		FA7978C21886C39A00F9A865 /* en */ = {isa = PBXFileReference; lastKnownFileType = text.plist.strings; name = en; path = en.lproj/InfoPlist.strings; sourceTree = "<group>"; };
		FA7978C41886C39A00F9A865 /* ReactiveNSXMLParserLibTests.m */ = {isa = PBXFileReference; lastKnownFileType = sourcecode.c.objc; path = ReactiveNSXMLParserLibTests.m; sourceTree = "<group>"; };
		FA7978CF1886C40700F9A865 /* NSXMLParser+ReactiveCocoa.h */ = {isa = PBXFileReference; fileEncoding = 4; lastKnownFileType = sourcecode.c.h; path = "NSXMLParser+ReactiveCocoa.h"; sourceTree = "<group>"; };
		FA7978D01886C40700F9A865 /* NSXMLParser+ReactiveCocoa.m */ = {isa = PBXFileReference; fileEncoding = 4; lastKnownFileType = sourcecode.c.objc; path = "NSXMLParser+ReactiveCocoa.m"; sourceTree = "<group>"; };
		FA7978D21886C41900F9A865 /* NSXMLParserRACDelegate.h */ = {isa = PBXFileReference; fileEncoding = 4; lastKnownFileType = sourcecode.c.h; path = NSXMLParserRACDelegate.h; sourceTree = "<group>"; };
		FA7978D31886C41900F9A865 /* NSXMLParserRACDelegate.m */ = {isa = PBXFileReference; fileEncoding = 4; lastKnownFileType = sourcecode.c.objc; path = NSXMLParserRACDelegate.m; sourceTree = "<group>"; };
		FA7978D41886C41900F9A865 /* NSXMLParserRACElement.h */ = {isa = PBXFileReference; fileEncoding = 4; lastKnownFileType = sourcecode.c.h; path = NSXMLParserRACElement.h; sourceTree = "<group>"; };
		FA7978D51886C41900F9A865 /* NSXMLParserRACElement.m */ = {isa = PBXFileReference; fileEncoding = 4; lastKnownFileType = sourcecode.c.objc; path = NSXMLParserRACElement.m; sourceTree = "<group>"; };
/* End PBXFileReference section */

/* Begin PBXFrameworksBuildPhase section */
		FA7978A21886C39A00F9A865 /* Frameworks */ = {
			isa = PBXFrameworksBuildPhase;
			buildActionMask = 2147483647;
			files = (
				FA7978A91886C39A00F9A865 /* Foundation.framework in Frameworks */,
				D71380D227CD4483B77F8928 /* libPods.a in Frameworks */,
			);
			runOnlyForDeploymentPostprocessing = 0;
		};
		FA7978B21886C39A00F9A865 /* Frameworks */ = {
			isa = PBXFrameworksBuildPhase;
			buildActionMask = 2147483647;
			files = (
				FA7978B71886C39A00F9A865 /* XCTest.framework in Frameworks */,
				FA7978BA1886C39A00F9A865 /* UIKit.framework in Frameworks */,
				FA7978BD1886C39A00F9A865 /* libReactiveNSXMLParserLib.a in Frameworks */,
				FA7978B81886C39A00F9A865 /* Foundation.framework in Frameworks */,
				7DBC0C49F5FF410E97C8D312 /* libPods-ReactiveNSXMLParserLibTests.a in Frameworks */,
			);
			runOnlyForDeploymentPostprocessing = 0;
		};
/* End PBXFrameworksBuildPhase section */

/* Begin PBXGroup section */
		FA79789C1886C39A00F9A865 = {
			isa = PBXGroup;
			children = (
				FA7978AA1886C39A00F9A865 /* ReactiveNSXMLParserLib */,
				FA7978BE1886C39A00F9A865 /* ReactiveNSXMLParserLibTests */,
				FA7978A71886C39A00F9A865 /* Frameworks */,
				FA7978A61886C39A00F9A865 /* Products */,
				7F2895748F7C4A779723D332 /* Pods.xcconfig */,
				C3D43E6A210E404AB430BD95 /* Pods-ReactiveNSXMLParserLibTests.xcconfig */,
			);
			sourceTree = "<group>";
		};
		FA7978A61886C39A00F9A865 /* Products */ = {
			isa = PBXGroup;
			children = (
				FA7978A51886C39A00F9A865 /* libReactiveNSXMLParserLib.a */,
				FA7978B51886C39A00F9A865 /* ReactiveNSXMLParserLibTests.xctest */,
			);
			name = Products;
			sourceTree = "<group>";
		};
		FA7978A71886C39A00F9A865 /* Frameworks */ = {
			isa = PBXGroup;
			children = (
				FA7978A81886C39A00F9A865 /* Foundation.framework */,
				FA7978B61886C39A00F9A865 /* XCTest.framework */,
				FA7978B91886C39A00F9A865 /* UIKit.framework */,
				D5A0B86DC1E94EBBA8DD6C9F /* libPods.a */,
				33315738847844769BEE52B0 /* libPods-ReactiveNSXMLParserLibTests.a */,
			);
			name = Frameworks;
			sourceTree = "<group>";
		};
		FA7978AA1886C39A00F9A865 /* ReactiveNSXMLParserLib */ = {
			isa = PBXGroup;
			children = (
				FA7978CE1886C3DE00F9A865 /* Classes */,
				FA7978AB1886C39A00F9A865 /* Supporting Files */,
			);
			path = ReactiveNSXMLParserLib;
			sourceTree = "<group>";
		};
		FA7978AB1886C39A00F9A865 /* Supporting Files */ = {
			isa = PBXGroup;
			children = (
				FA7978AC1886C39A00F9A865 /* ReactiveNSXMLParserLib-Prefix.pch */,
			);
			name = "Supporting Files";
			sourceTree = "<group>";
		};
		FA7978BE1886C39A00F9A865 /* ReactiveNSXMLParserLibTests */ = {
			isa = PBXGroup;
			children = (
				FA7978C41886C39A00F9A865 /* ReactiveNSXMLParserLibTests.m */,
				FA7978BF1886C39A00F9A865 /* Supporting Files */,
			);
			path = ReactiveNSXMLParserLibTests;
			sourceTree = "<group>";
		};
		FA7978BF1886C39A00F9A865 /* Supporting Files */ = {
			isa = PBXGroup;
			children = (
				FA7978C01886C39A00F9A865 /* ReactiveNSXMLParserLibTests-Info.plist */,
				FA7978C11886C39A00F9A865 /* InfoPlist.strings */,
			);
			name = "Supporting Files";
			sourceTree = "<group>";
		};
		FA7978CE1886C3DE00F9A865 /* Classes */ = {
			isa = PBXGroup;
			children = (
				FA7978CF1886C40700F9A865 /* NSXMLParser+ReactiveCocoa.h */,
				FA7978D01886C40700F9A865 /* NSXMLParser+ReactiveCocoa.m */,
				FA7978D21886C41900F9A865 /* NSXMLParserRACDelegate.h */,
				FA7978D31886C41900F9A865 /* NSXMLParserRACDelegate.m */,
				FA7978D41886C41900F9A865 /* NSXMLParserRACElement.h */,
				FA7978D51886C41900F9A865 /* NSXMLParserRACElement.m */,
			);
			path = Classes;
			sourceTree = "<group>";
		};
/* End PBXGroup section */

/* Begin PBXNativeTarget section */
		FA7978A41886C39A00F9A865 /* ReactiveNSXMLParserLib */ = {
			isa = PBXNativeTarget;
			buildConfigurationList = FA7978C81886C39A00F9A865 /* Build configuration list for PBXNativeTarget "ReactiveNSXMLParserLib" */;
			buildPhases = (
				F55525234E61476E8C2722DF /* Check Pods Manifest.lock */,
				FA7978A11886C39A00F9A865 /* Sources */,
				FA7978A21886C39A00F9A865 /* Frameworks */,
				FA7978A31886C39A00F9A865 /* CopyFiles */,
				EB5BD7F36FA14B91B2A56E21 /* Copy Pods Resources */,
			);
			buildRules = (
			);
			dependencies = (
			);
			name = ReactiveNSXMLParserLib;
			productName = ReactiveNSXMLParserLib;
			productReference = FA7978A51886C39A00F9A865 /* libReactiveNSXMLParserLib.a */;
			productType = "com.apple.product-type.library.static";
		};
		FA7978B41886C39A00F9A865 /* ReactiveNSXMLParserLibTests */ = {
			isa = PBXNativeTarget;
			buildConfigurationList = FA7978CB1886C39A00F9A865 /* Build configuration list for PBXNativeTarget "ReactiveNSXMLParserLibTests" */;
			buildPhases = (
				C56F2FD0DD474105BED40680 /* Check Pods Manifest.lock */,
				FA7978B11886C39A00F9A865 /* Sources */,
				FA7978B21886C39A00F9A865 /* Frameworks */,
				FA7978B31886C39A00F9A865 /* Resources */,
				E3EA5BEBC93340878D92F22D /* Copy Pods Resources */,
			);
			buildRules = (
			);
			dependencies = (
				FA7978BC1886C39A00F9A865 /* PBXTargetDependency */,
			);
			name = ReactiveNSXMLParserLibTests;
			productName = ReactiveNSXMLParserLibTests;
			productReference = FA7978B51886C39A00F9A865 /* ReactiveNSXMLParserLibTests.xctest */;
			productType = "com.apple.product-type.bundle.unit-test";
		};
/* End PBXNativeTarget section */

/* Begin PBXProject section */
		FA79789D1886C39A00F9A865 /* Project object */ = {
			isa = PBXProject;
			attributes = {
				LastUpgradeCheck = 0500;
				ORGANIZATIONNAME = "Alex Manarpies";
			};
			buildConfigurationList = FA7978A01886C39A00F9A865 /* Build configuration list for PBXProject "ReactiveNSXMLParserLib" */;
			compatibilityVersion = "Xcode 3.2";
			developmentRegion = English;
			hasScannedForEncodings = 0;
			knownRegions = (
				en,
			);
			mainGroup = FA79789C1886C39A00F9A865;
			productRefGroup = FA7978A61886C39A00F9A865 /* Products */;
			projectDirPath = "";
			projectReferences = (
			);
			projectRoot = "";
			targets = (
				FA7978A41886C39A00F9A865 /* ReactiveNSXMLParserLib */,
				FA7978B41886C39A00F9A865 /* ReactiveNSXMLParserLibTests */,
			);
		};
/* End PBXProject section */

/* Begin PBXResourcesBuildPhase section */
		FA7978B31886C39A00F9A865 /* Resources */ = {
			isa = PBXResourcesBuildPhase;
			buildActionMask = 2147483647;
			files = (
				FA7978C31886C39A00F9A865 /* InfoPlist.strings in Resources */,
			);
			runOnlyForDeploymentPostprocessing = 0;
		};
/* End PBXResourcesBuildPhase section */

/* Begin PBXShellScriptBuildPhase section */
		C56F2FD0DD474105BED40680 /* Check Pods Manifest.lock */ = {
			isa = PBXShellScriptBuildPhase;
			buildActionMask = 2147483647;
			files = (
			);
			inputPaths = (
			);
			name = "Check Pods Manifest.lock";
			outputPaths = (
			);
			runOnlyForDeploymentPostprocessing = 0;
			shellPath = /bin/sh;
			shellScript = "diff \"${PODS_ROOT}/../Podfile.lock\" \"${PODS_ROOT}/Manifest.lock\" > /dev/null\nif [[ $? != 0 ]] ; then\n    cat << EOM\nerror: The sandbox is not in sync with the Podfile.lock. Run 'pod install' or update your CocoaPods installation.\nEOM\n    exit 1\nfi\n";
			showEnvVarsInLog = 0;
		};
		E3EA5BEBC93340878D92F22D /* Copy Pods Resources */ = {
			isa = PBXShellScriptBuildPhase;
			buildActionMask = 2147483647;
			files = (
			);
			inputPaths = (
			);
			name = "Copy Pods Resources";
			outputPaths = (
			);
			runOnlyForDeploymentPostprocessing = 0;
			shellPath = /bin/sh;
			shellScript = "\"${SRCROOT}/Pods/Pods-ReactiveNSXMLParserLibTests-resources.sh\"\n";
			showEnvVarsInLog = 0;
		};
		EB5BD7F36FA14B91B2A56E21 /* Copy Pods Resources */ = {
			isa = PBXShellScriptBuildPhase;
			buildActionMask = 2147483647;
			files = (
			);
			inputPaths = (
			);
			name = "Copy Pods Resources";
			outputPaths = (
			);
			runOnlyForDeploymentPostprocessing = 0;
			shellPath = /bin/sh;
			shellScript = "\"${SRCROOT}/Pods/Pods-resources.sh\"\n";
			showEnvVarsInLog = 0;
		};
		F55525234E61476E8C2722DF /* Check Pods Manifest.lock */ = {
			isa = PBXShellScriptBuildPhase;
			buildActionMask = 2147483647;
			files = (
			);
			inputPaths = (
			);
			name = "Check Pods Manifest.lock";
			outputPaths = (
			);
			runOnlyForDeploymentPostprocessing = 0;
			shellPath = /bin/sh;
			shellScript = "diff \"${PODS_ROOT}/../Podfile.lock\" \"${PODS_ROOT}/Manifest.lock\" > /dev/null\nif [[ $? != 0 ]] ; then\n    cat << EOM\nerror: The sandbox is not in sync with the Podfile.lock. Run 'pod install' or update your CocoaPods installation.\nEOM\n    exit 1\nfi\n";
			showEnvVarsInLog = 0;
		};
/* End PBXShellScriptBuildPhase section */

/* Begin PBXSourcesBuildPhase section */
		FA7978A11886C39A00F9A865 /* Sources */ = {
			isa = PBXSourcesBuildPhase;
			buildActionMask = 2147483647;
			files = (
				FA7978D11886C40700F9A865 /* NSXMLParser+ReactiveCocoa.m in Sources */,
				FA7978D71886C41900F9A865 /* NSXMLParserRACElement.m in Sources */,
				FA7978D61886C41900F9A865 /* NSXMLParserRACDelegate.m in Sources */,
			);
			runOnlyForDeploymentPostprocessing = 0;
		};
		FA7978B11886C39A00F9A865 /* Sources */ = {
			isa = PBXSourcesBuildPhase;
			buildActionMask = 2147483647;
			files = (
				FA7978C51886C39A00F9A865 /* ReactiveNSXMLParserLibTests.m in Sources */,
			);
			runOnlyForDeploymentPostprocessing = 0;
		};
/* End PBXSourcesBuildPhase section */

/* Begin PBXTargetDependency section */
		FA7978BC1886C39A00F9A865 /* PBXTargetDependency */ = {
			isa = PBXTargetDependency;
			target = FA7978A41886C39A00F9A865 /* ReactiveNSXMLParserLib */;
			targetProxy = FA7978BB1886C39A00F9A865 /* PBXContainerItemProxy */;
		};
/* End PBXTargetDependency section */

/* Begin PBXVariantGroup section */
		FA7978C11886C39A00F9A865 /* InfoPlist.strings */ = {
			isa = PBXVariantGroup;
			children = (
				FA7978C21886C39A00F9A865 /* en */,
			);
			name = InfoPlist.strings;
			sourceTree = "<group>";
		};
/* End PBXVariantGroup section */

/* Begin XCBuildConfiguration section */
		FA7978C61886C39A00F9A865 /* Debug */ = {
			isa = XCBuildConfiguration;
			buildSettings = {
				ALWAYS_SEARCH_USER_PATHS = NO;
				ARCHS = "$(ARCHS_STANDARD_INCLUDING_64_BIT)";
				CLANG_CXX_LANGUAGE_STANDARD = "gnu++0x";
				CLANG_CXX_LIBRARY = "libc++";
				CLANG_ENABLE_MODULES = YES;
				CLANG_ENABLE_OBJC_ARC = YES;
				CLANG_WARN_BOOL_CONVERSION = YES;
				CLANG_WARN_CONSTANT_CONVERSION = YES;
				CLANG_WARN_DIRECT_OBJC_ISA_USAGE = YES_ERROR;
				CLANG_WARN_EMPTY_BODY = YES;
				CLANG_WARN_ENUM_CONVERSION = YES;
				CLANG_WARN_INT_CONVERSION = YES;
				CLANG_WARN_OBJC_ROOT_CLASS = YES_ERROR;
				CLANG_WARN__DUPLICATE_METHOD_MATCH = YES;
				COPY_PHASE_STRIP = NO;
				GCC_C_LANGUAGE_STANDARD = gnu99;
				GCC_DYNAMIC_NO_PIC = NO;
				GCC_OPTIMIZATION_LEVEL = 0;
				GCC_PREPROCESSOR_DEFINITIONS = (
					"DEBUG=1",
					"$(inherited)",
				);
				GCC_SYMBOLS_PRIVATE_EXTERN = NO;
				GCC_WARN_64_TO_32_BIT_CONVERSION = YES;
				GCC_WARN_ABOUT_RETURN_TYPE = YES_ERROR;
				GCC_WARN_UNDECLARED_SELECTOR = YES;
				GCC_WARN_UNINITIALIZED_AUTOS = YES;
				GCC_WARN_UNUSED_FUNCTION = YES;
				GCC_WARN_UNUSED_VARIABLE = YES;
				IPHONEOS_DEPLOYMENT_TARGET = 7.0;
				ONLY_ACTIVE_ARCH = YES;
				SDKROOT = iphoneos;
			};
			name = Debug;
		};
		FA7978C71886C39A00F9A865 /* Release */ = {
			isa = XCBuildConfiguration;
			buildSettings = {
				ALWAYS_SEARCH_USER_PATHS = NO;
				ARCHS = "$(ARCHS_STANDARD_INCLUDING_64_BIT)";
				CLANG_CXX_LANGUAGE_STANDARD = "gnu++0x";
				CLANG_CXX_LIBRARY = "libc++";
				CLANG_ENABLE_MODULES = YES;
				CLANG_ENABLE_OBJC_ARC = YES;
				CLANG_WARN_BOOL_CONVERSION = YES;
				CLANG_WARN_CONSTANT_CONVERSION = YES;
				CLANG_WARN_DIRECT_OBJC_ISA_USAGE = YES_ERROR;
				CLANG_WARN_EMPTY_BODY = YES;
				CLANG_WARN_ENUM_CONVERSION = YES;
				CLANG_WARN_INT_CONVERSION = YES;
				CLANG_WARN_OBJC_ROOT_CLASS = YES_ERROR;
				CLANG_WARN__DUPLICATE_METHOD_MATCH = YES;
				COPY_PHASE_STRIP = YES;
				ENABLE_NS_ASSERTIONS = NO;
				GCC_C_LANGUAGE_STANDARD = gnu99;
				GCC_WARN_64_TO_32_BIT_CONVERSION = YES;
				GCC_WARN_ABOUT_RETURN_TYPE = YES_ERROR;
				GCC_WARN_UNDECLARED_SELECTOR = YES;
				GCC_WARN_UNINITIALIZED_AUTOS = YES;
				GCC_WARN_UNUSED_FUNCTION = YES;
				GCC_WARN_UNUSED_VARIABLE = YES;
				IPHONEOS_DEPLOYMENT_TARGET = 7.0;
				SDKROOT = iphoneos;
				VALIDATE_PRODUCT = YES;
			};
			name = Release;
		};
		FA7978C91886C39A00F9A865 /* Debug */ = {
			isa = XCBuildConfiguration;
			baseConfigurationReference = 7F2895748F7C4A779723D332 /* Pods.xcconfig */;
			buildSettings = {
				DSTROOT = /tmp/ReactiveNSXMLParserLib.dst;
				GCC_PRECOMPILE_PREFIX_HEADER = YES;
				GCC_PREFIX_HEADER = "ReactiveNSXMLParserLib/ReactiveNSXMLParserLib-Prefix.pch";
				OTHER_LDFLAGS = "-ObjC";
				PRODUCT_NAME = "$(TARGET_NAME)";
				SKIP_INSTALL = YES;
			};
			name = Debug;
		};
		FA7978CA1886C39A00F9A865 /* Release */ = {
			isa = XCBuildConfiguration;
			baseConfigurationReference = 7F2895748F7C4A779723D332 /* Pods.xcconfig */;
			buildSettings = {
				DSTROOT = /tmp/ReactiveNSXMLParserLib.dst;
				GCC_PRECOMPILE_PREFIX_HEADER = YES;
				GCC_PREFIX_HEADER = "ReactiveNSXMLParserLib/ReactiveNSXMLParserLib-Prefix.pch";
				OTHER_LDFLAGS = "-ObjC";
				PRODUCT_NAME = "$(TARGET_NAME)";
				SKIP_INSTALL = YES;
			};
			name = Release;
		};
		FA7978CC1886C39A00F9A865 /* Debug */ = {
			isa = XCBuildConfiguration;
			baseConfigurationReference = C3D43E6A210E404AB430BD95 /* Pods-ReactiveNSXMLParserLibTests.xcconfig */;
			buildSettings = {
				ARCHS = "$(ARCHS_STANDARD_INCLUDING_64_BIT)";
				FRAMEWORK_SEARCH_PATHS = (
					"$(SDKROOT)/Developer/Library/Frameworks",
					"$(inherited)",
					"$(DEVELOPER_FRAMEWORKS_DIR)",
				);
				GCC_PRECOMPILE_PREFIX_HEADER = YES;
				GCC_PREFIX_HEADER = "ReactiveNSXMLParserLib/ReactiveNSXMLParserLib-Prefix.pch";
				GCC_PREPROCESSOR_DEFINITIONS = (
					"DEBUG=1",
					"$(inherited)",
				);
				INFOPLIST_FILE = "ReactiveNSXMLParserLibTests/ReactiveNSXMLParserLibTests-Info.plist";
				PRODUCT_NAME = "$(TARGET_NAME)";
				WRAPPER_EXTENSION = xctest;
			};
			name = Debug;
		};
		FA7978CD1886C39A00F9A865 /* Release */ = {
			isa = XCBuildConfiguration;
			baseConfigurationReference = C3D43E6A210E404AB430BD95 /* Pods-ReactiveNSXMLParserLibTests.xcconfig */;
			buildSettings = {
				ARCHS = "$(ARCHS_STANDARD_INCLUDING_64_BIT)";
				FRAMEWORK_SEARCH_PATHS = (
					"$(SDKROOT)/Developer/Library/Frameworks",
					"$(inherited)",
					"$(DEVELOPER_FRAMEWORKS_DIR)",
				);
				GCC_PRECOMPILE_PREFIX_HEADER = YES;
				GCC_PREFIX_HEADER = "ReactiveNSXMLParserLib/ReactiveNSXMLParserLib-Prefix.pch";
				INFOPLIST_FILE = "ReactiveNSXMLParserLibTests/ReactiveNSXMLParserLibTests-Info.plist";
				PRODUCT_NAME = "$(TARGET_NAME)";
				WRAPPER_EXTENSION = xctest;
			};
			name = Release;
		};
/* End XCBuildConfiguration section */

/* Begin XCConfigurationList section */
		FA7978A01886C39A00F9A865 /* Build configuration list for PBXProject "ReactiveNSXMLParserLib" */ = {
			isa = XCConfigurationList;
			buildConfigurations = (
				FA7978C61886C39A00F9A865 /* Debug */,
				FA7978C71886C39A00F9A865 /* Release */,
			);
			defaultConfigurationIsVisible = 0;
			defaultConfigurationName = Release;
		};
		FA7978C81886C39A00F9A865 /* Build configuration list for PBXNativeTarget "ReactiveNSXMLParserLib" */ = {
			isa = XCConfigurationList;
			buildConfigurations = (
				FA7978C91886C39A00F9A865 /* Debug */,
				FA7978CA1886C39A00F9A865 /* Release */,
			);
			defaultConfigurationIsVisible = 0;
		};
		FA7978CB1886C39A00F9A865 /* Build configuration list for PBXNativeTarget "ReactiveNSXMLParserLibTests" */ = {
			isa = XCConfigurationList;
			buildConfigurations = (
				FA7978CC1886C39A00F9A865 /* Debug */,
				FA7978CD1886C39A00F9A865 /* Release */,
			);
			defaultConfigurationIsVisible = 0;
		};
/* End XCConfigurationList section */
	};
	rootObject = FA79789D1886C39A00F9A865 /* Project object */;
}
